github.com/fatih/structs v1.1.0 h1:Q7juDM0QtcnhCpeyLGQKyg4TOIghuNXrkL32pHAUMxo=
github.com/fatih/structs v1.1.0/go.mod h1:9NiDSp5zOcgEDl+j00MP/WkGVPOlPRLejGD8Ga6PJ7M=
github.com/google/uuid v1.3.0 h1:t6JiXgmwXMjEs8VusXIJk2BXHsn+wx8BZdTaoZ5fu7I=
github.com/google/uuid v1.3.0/go.mod h1:TIyPZe4MgqvfeYDBFedMoGGpEw/LqOeaOT+nhxU+yHo=
github.com/gorilla/mux v1.8.0 h1:i40aqfkR1h2SlN9hojwV5ZA91wcXFOvkdNIeFDP5koI=
github.com/gorilla/mux v1.8.0/go.mod h1:DVbg23sWSpFRCP0SfiEN6jmj59UnW/n46BH5rLB71So=
github.com/lib/pq v1.10.7 h1:p7ZhMD+KsSRozJr34udlUrhboJwWAgCg34+/ZZNvZZw=
github.com/lib/pq v1.10.7/go.mod h1:AlVN5x4E4T544tWzH6hKfbfQvm3HdbOxrmggDNAPY9o=
github.com/mitranim/gg v0.0.13 h1:gMmGRzkF8ARhxUSXAHEE1CB64ipaXpEFjgzmxclGBZ0=
github.com/mitranim/gg v0.0.13/go.mod h1:UCnf53suG0iX7c9P8tnH6L7iTT9LpMyhQQMVjwi5Jt0=
github.com/mitranim/gow v0.0.0-20221014115418-a5bfab26a0e4 h1:ymn6FxrkuC3vDkCjPFD4ICPJThIIgTMC8iD1IXrUhYo=
github.com/mitranim/gow v0.0.0-20221014115418-a5bfab26a0e4/go.mod h1:NAKrvnXzuwvWlcaXMs+ChXR8Oxhd+y29I8xHBrHI/Ac=
github.com/rjeczalik/notify v0.9.2 h1:MiTWrPj55mNDHEiIX5YUSKefw/+lCQVoAFmD6oQm5w8=
github.com/rjeczalik/notify v0.9.2/go.mod h1:aErll2f0sUX9PXZnVNyeiObbmTlk5jnMoCa4QEjJeqM=
golang.org/x/sys v0.0.0-20180926160741-c2ed4eda69e7/go.mod h1:STP8DvDyc/dI5b8T5hshtkjS+E42TnysNCUPdjciGhY=
golang.org/x/sys v0.0.0-20210917161153-d61c044b1678 h1:J27LZFQBFoihqXoegpscI10HpjZ7B5WQLLKL2FZXQKw=
golang.org/x/sys v0.0.0-20210917161153-d61c044b1678/go.mod h1:oPkhp1MJrh7nUepCBck5+mAzfO9JrbApNNgaTdGDITg=
